
Microsoft Visual Studio Solution File, Format Version 12.00
# Visual Studio 15
VisualStudioVersion = 15.0.27703.2026
MinimumVisualStudioVersion = 10.0.40219.1
Project("{FAE04EC0-301F-11D3-BF4B-00C04F79EFBC}") = "DemoWeb", "DemoWeb\DemoWeb.csproj", "{3E3C6BD1-028F-44CF-BA13-052F12E74FD4}"
EndProject
Global
	GlobalSection(SolutionConfigurationPlatforms) = preSolution
		Debug|Any CPU = Debug|Any CPU
		Release|Any CPU = Release|Any CPU
	EndGlobalSection
	GlobalSection(ProjectConfigurationPlatforms) = postSolution
		{3E3C6BD1-028F-44CF-BA13-052F12E74FD4}.Debug|Any CPU.ActiveCfg = Debug|Any CPU
		{3E3C6BD1-028F-44CF-BA13-052F12E74FD4}.Debug|Any CPU.Build.0 = Debug|Any CPU
		{3E3C6BD1-028F-44CF-BA13-052F12E74FD4}.Release|Any CPU.ActiveCfg = Release|Any CPU
		{3E3C6BD1-028F-44CF-BA13-052F12E74FD4}.Release|Any CPU.Build.0 = Release|Any CPU
	EndGlobalSection
	GlobalSection(SolutionProperties) = preSolution
		HideSolutionNode = FALSE
	EndGlobalSection
	GlobalSection(ExtensibilityGlobals) = postSolution
		SolutionGuid = {E2C6C3E8-9873-45A3-8177-5078F96C8BB2}
	EndGlobalSection
EndGlobal
